// !$*UTF8*$!
{
	archiveVersion = 1;
	classes = {
	};
	objectVersion = 56;
	objects = {

/* Begin PBXBuildFile section */
		8E00B5782AFD25CE00BC160B /* SearchRecipesView.swift in Sources */ = {isa = PBXBuildFile; fileRef = 8E00B5772AFD25CE00BC160B /* SearchRecipesView.swift */; };
		8E00B57A2AFD2A0300BC160B /* RecipeDetailView.swift in Sources */ = {isa = PBXBuildFile; fileRef = 8E00B5792AFD2A0300BC160B /* RecipeDetailView.swift */; };
		8E00B5822AFD437800BC160B /* ShoppingListView.swift in Sources */ = {isa = PBXBuildFile; fileRef = 8E00B5812AFD437800BC160B /* ShoppingListView.swift */; };
		8E2640F32B01120D001FCA26 /* ShoppingListController.swift in Sources */ = {isa = PBXBuildFile; fileRef = 8E2640F22B01120D001FCA26 /* ShoppingListController.swift */; };
		8E4D112C2B08C70A00647075 /* RecipeRapidData.swift in Sources */ = {isa = PBXBuildFile; fileRef = 8E4D112B2B08C70A00647075 /* RecipeRapidData.swift */; };
		8E4D112E2B08D03C00647075 /* SearchedRecipesModel.swift in Sources */ = {isa = PBXBuildFile; fileRef = 8E4D112D2B08D03C00647075 /* SearchedRecipesModel.swift */; };
		8E4D11302B08D20B00647075 /* RecipeModel.swift in Sources */ = {isa = PBXBuildFile; fileRef = 8E4D112F2B08D20B00647075 /* RecipeModel.swift */; };
		8EBC47932AFFA803001C788E /* SearchedRecipeCellView.swift in Sources */ = {isa = PBXBuildFile; fileRef = 8EBC47922AFFA803001C788E /* SearchedRecipeCellView.swift */; };
		8EBC47952AFFC881001C788E /* RecipeListCell.swift in Sources */ = {isa = PBXBuildFile; fileRef = 8EBC47942AFFC881001C788E /* RecipeListCell.swift */; };
		8EC118292B090200006E53FB /* CheckmarkToggleStyle.swift in Sources */ = {isa = PBXBuildFile; fileRef = 8EC118282B090200006E53FB /* CheckmarkToggleStyle.swift */; };
		8EEEBCF42AFA87B4004909C6 /* CooktailApp.swift in Sources */ = {isa = PBXBuildFile; fileRef = 8EEEBCF32AFA87B4004909C6 /* CooktailApp.swift */; };
		8EEEBCF62AFA87B4004909C6 /* ContentView.swift in Sources */ = {isa = PBXBuildFile; fileRef = 8EEEBCF52AFA87B4004909C6 /* ContentView.swift */; };
		8EEEBCF82AFA87B4004909C6 /* Assets.xcassets in Resources */ = {isa = PBXBuildFile; fileRef = 8EEEBCF72AFA87B4004909C6 /* Assets.xcassets */; };
		8EEEBCFB2AFA87B4004909C6 /* Preview Assets.xcassets in Resources */ = {isa = PBXBuildFile; fileRef = 8EEEBCFA2AFA87B4004909C6 /* Preview Assets.xcassets */; };
/* End PBXBuildFile section */

/* Begin PBXFileReference section */
		8E00B5772AFD25CE00BC160B /* SearchRecipesView.swift */ = {isa = PBXFileReference; lastKnownFileType = sourcecode.swift; path = SearchRecipesView.swift; sourceTree = "<group>"; };
		8E00B5792AFD2A0300BC160B /* RecipeDetailView.swift */ = {isa = PBXFileReference; lastKnownFileType = sourcecode.swift; path = RecipeDetailView.swift; sourceTree = "<group>"; };
		8E00B5812AFD437800BC160B /* ShoppingListView.swift */ = {isa = PBXFileReference; lastKnownFileType = sourcecode.swift; path = ShoppingListView.swift; sourceTree = "<group>"; };
		8E2640F22B01120D001FCA26 /* ShoppingListController.swift */ = {isa = PBXFileReference; lastKnownFileType = sourcecode.swift; path = ShoppingListController.swift; sourceTree = "<group>"; };
		8E4D112B2B08C70A00647075 /* RecipeRapidData.swift */ = {isa = PBXFileReference; lastKnownFileType = sourcecode.swift; path = RecipeRapidData.swift; sourceTree = "<group>"; };
		8E4D112D2B08D03C00647075 /* SearchedRecipesModel.swift */ = {isa = PBXFileReference; lastKnownFileType = sourcecode.swift; path = SearchedRecipesModel.swift; sourceTree = "<group>"; };
		8E4D112F2B08D20B00647075 /* RecipeModel.swift */ = {isa = PBXFileReference; lastKnownFileType = sourcecode.swift; path = RecipeModel.swift; sourceTree = "<group>"; };
		8EBC47922AFFA803001C788E /* SearchedRecipeCellView.swift */ = {isa = PBXFileReference; lastKnownFileType = sourcecode.swift; path = SearchedRecipeCellView.swift; sourceTree = "<group>"; };
		8EBC47942AFFC881001C788E /* RecipeListCell.swift */ = {isa = PBXFileReference; lastKnownFileType = sourcecode.swift; path = RecipeListCell.swift; sourceTree = "<group>"; };
		8EC118282B090200006E53FB /* CheckmarkToggleStyle.swift */ = {isa = PBXFileReference; lastKnownFileType = sourcecode.swift; path = CheckmarkToggleStyle.swift; sourceTree = "<group>"; };
		8EEEBCF02AFA87B4004909C6 /* Cooktail.app */ = {isa = PBXFileReference; explicitFileType = wrapper.application; includeInIndex = 0; path = Cooktail.app; sourceTree = BUILT_PRODUCTS_DIR; };
		8EEEBCF32AFA87B4004909C6 /* CooktailApp.swift */ = {isa = PBXFileReference; lastKnownFileType = sourcecode.swift; path = CooktailApp.swift; sourceTree = "<group>"; };
		8EEEBCF52AFA87B4004909C6 /* ContentView.swift */ = {isa = PBXFileReference; lastKnownFileType = sourcecode.swift; path = ContentView.swift; sourceTree = "<group>"; };
		8EEEBCF72AFA87B4004909C6 /* Assets.xcassets */ = {isa = PBXFileReference; lastKnownFileType = folder.assetcatalog; path = Assets.xcassets; sourceTree = "<group>"; };
		8EEEBCFA2AFA87B4004909C6 /* Preview Assets.xcassets */ = {isa = PBXFileReference; lastKnownFileType = folder.assetcatalog; path = "Preview Assets.xcassets"; sourceTree = "<group>"; };
/* End PBXFileReference section */

/* Begin PBXFrameworksBuildPhase section */
		8EEEBCED2AFA87B4004909C6 /* Frameworks */ = {
			isa = PBXFrameworksBuildPhase;
			buildActionMask = 2147483647;
			files = (
			);
			runOnlyForDeploymentPostprocessing = 0;
		};
/* End PBXFrameworksBuildPhase section */

/* Begin PBXGroup section */
		8E00B57C2AFD2C7500BC160B /* ViewElements */ = {
			isa = PBXGroup;
			children = (
				8EBC47922AFFA803001C788E /* SearchedRecipeCellView.swift */,
				8EC118282B090200006E53FB /* CheckmarkToggleStyle.swift */,
				8EBC47942AFFC881001C788E /* RecipeListCell.swift */,
			);
			path = ViewElements;
			sourceTree = "<group>";
		};
		8EBA9FB32AFCEDEE00C99E6C /* View */ = {
			isa = PBXGroup;
			children = (
				8EEEBCF52AFA87B4004909C6 /* ContentView.swift */,
				8E00B5812AFD437800BC160B /* ShoppingListView.swift */,
				8E00B5792AFD2A0300BC160B /* RecipeDetailView.swift */,
				8E00B5772AFD25CE00BC160B /* SearchRecipesView.swift */,
			);
			path = View;
			sourceTree = "<group>";
		};
		8EBA9FB42AFCEE1F00C99E6C /* Model */ = {
			isa = PBXGroup;
			children = (
				8E4D112D2B08D03C00647075 /* SearchedRecipesModel.swift */,
				8E4D112F2B08D20B00647075 /* RecipeModel.swift */,
			);
			path = Model;
			sourceTree = "<group>";
		};
		8EBA9FB52AFCEE3800C99E6C /* Controller */ = {
			isa = PBXGroup;
			children = (
				8E2640F22B01120D001FCA26 /* ShoppingListController.swift */,
			);
			path = Controller;
			sourceTree = "<group>";
		};
		8EBA9FB62AFCEE4800C99E6C /* Data */ = {
			isa = PBXGroup;
			children = (
				8E4D112B2B08C70A00647075 /* RecipeRapidData.swift */,
			);
			path = Data;
			sourceTree = "<group>";
		};
		8EEEBCE72AFA87B3004909C6 = {
			isa = PBXGroup;
			children = (
				8EEEBCF22AFA87B4004909C6 /* Cooktail */,
				8EEEBCF12AFA87B4004909C6 /* Products */,
			);
			sourceTree = "<group>";
		};
		8EEEBCF12AFA87B4004909C6 /* Products */ = {
			isa = PBXGroup;
			children = (
				8EEEBCF02AFA87B4004909C6 /* Cooktail.app */,
			);
			name = Products;
			sourceTree = "<group>";
		};
		8EEEBCF22AFA87B4004909C6 /* Cooktail */ = {
			isa = PBXGroup;
			children = (
				8EEEBCF32AFA87B4004909C6 /* CooktailApp.swift */,
				8EBA9FB42AFCEE1F00C99E6C /* Model */,
				8EBA9FB32AFCEDEE00C99E6C /* View */,
				8E00B57C2AFD2C7500BC160B /* ViewElements */,
				8EBA9FB52AFCEE3800C99E6C /* Controller */,
				8EBA9FB62AFCEE4800C99E6C /* Data */,
				8EEEBCF72AFA87B4004909C6 /* Assets.xcassets */,
				8EEEBCF92AFA87B4004909C6 /* Preview Content */,
			);
			path = Cooktail;
			sourceTree = "<group>";
		};
		8EEEBCF92AFA87B4004909C6 /* Preview Content */ = {
			isa = PBXGroup;
			children = (
				8EEEBCFA2AFA87B4004909C6 /* Preview Assets.xcassets */,
			);
			path = "Preview Content";
			sourceTree = "<group>";
		};
/* End PBXGroup section */

/* Begin PBXNativeTarget section */
		8EEEBCEF2AFA87B4004909C6 /* Cooktail */ = {
			isa = PBXNativeTarget;
			buildConfigurationList = 8EEEBCFE2AFA87B4004909C6 /* Build configuration list for PBXNativeTarget "Cooktail" */;
			buildPhases = (
				8EEEBCEC2AFA87B4004909C6 /* Sources */,
				8EEEBCED2AFA87B4004909C6 /* Frameworks */,
				8EEEBCEE2AFA87B4004909C6 /* Resources */,
			);
			buildRules = (
			);
			dependencies = (
			);
			name = Cooktail;
			productName = Cooktail;
			productReference = 8EEEBCF02AFA87B4004909C6 /* Cooktail.app */;
			productType = "com.apple.product-type.application";
		};
/* End PBXNativeTarget section */

/* Begin PBXProject section */
		8EEEBCE82AFA87B3004909C6 /* Project object */ = {
			isa = PBXProject;
			attributes = {
				BuildIndependentTargetsInParallel = 1;
				LastSwiftUpdateCheck = 1500;
				LastUpgradeCheck = 1500;
				TargetAttributes = {
					8EEEBCEF2AFA87B4004909C6 = {
						CreatedOnToolsVersion = 15.0.1;
					};
				};
			};
			buildConfigurationList = 8EEEBCEB2AFA87B3004909C6 /* Build configuration list for PBXProject "Cooktail" */;
			compatibilityVersion = "Xcode 14.0";
			developmentRegion = en;
			hasScannedForEncodings = 0;
			knownRegions = (
				en,
				Base,
			);
			mainGroup = 8EEEBCE72AFA87B3004909C6;
			productRefGroup = 8EEEBCF12AFA87B4004909C6 /* Products */;
			projectDirPath = "";
			projectRoot = "";
			targets = (
				8EEEBCEF2AFA87B4004909C6 /* Cooktail */,
			);
		};
/* End PBXProject section */

/* Begin PBXResourcesBuildPhase section */
		8EEEBCEE2AFA87B4004909C6 /* Resources */ = {
			isa = PBXResourcesBuildPhase;
			buildActionMask = 2147483647;
			files = (
				8EEEBCFB2AFA87B4004909C6 /* Preview Assets.xcassets in Resources */,
				8EEEBCF82AFA87B4004909C6 /* Assets.xcassets in Resources */,
			);
			runOnlyForDeploymentPostprocessing = 0;
		};
/* End PBXResourcesBuildPhase section */

/* Begin PBXSourcesBuildPhase section */
		8EEEBCEC2AFA87B4004909C6 /* Sources */ = {
			isa = PBXSourcesBuildPhase;
			buildActionMask = 2147483647;
			files = (
				8E4D112C2B08C70A00647075 /* RecipeRapidData.swift in Sources */,
				8EBC47932AFFA803001C788E /* SearchedRecipeCellView.swift in Sources */,
				8EEEBCF62AFA87B4004909C6 /* ContentView.swift in Sources */,
				8E00B5822AFD437800BC160B /* ShoppingListView.swift in Sources */,
				8E00B57A2AFD2A0300BC160B /* RecipeDetailView.swift in Sources */,
				8EEEBCF42AFA87B4004909C6 /* CooktailApp.swift in Sources */,
				8E4D11302B08D20B00647075 /* RecipeModel.swift in Sources */,
				8E00B5782AFD25CE00BC160B /* SearchRecipesView.swift in Sources */,
				8E2640F32B01120D001FCA26 /* ShoppingListController.swift in Sources */,
				8EC118292B090200006E53FB /* CheckmarkToggleStyle.swift in Sources */,
				8E4D112E2B08D03C00647075 /* SearchedRecipesModel.swift in Sources */,
				8EBC47952AFFC881001C788E /* RecipeListCell.swift in Sources */,
			);
			runOnlyForDeploymentPostprocessing = 0;
		};
/* End PBXSourcesBuildPhase section */

/* Begin XCBuildConfiguration section */
		8EEEBCFC2AFA87B4004909C6 /* Debug */ = {
			isa = XCBuildConfiguration;
			buildSettings = {
				ALWAYS_SEARCH_USER_PATHS = NO;
				ASSETCATALOG_COMPILER_GENERATE_SWIFT_ASSET_SYMBOL_EXTENSIONS = YES;
				CLANG_ANALYZER_NONNULL = YES;
				CLANG_ANALYZER_NUMBER_OBJECT_CONVERSION = YES_AGGRESSIVE;
				CLANG_CXX_LANGUAGE_STANDARD = "gnu++20";
				CLANG_ENABLE_MODULES = YES;
				CLANG_ENABLE_OBJC_ARC = YES;
				CLANG_ENABLE_OBJC_WEAK = YES;
				CLANG_WARN_BLOCK_CAPTURE_AUTORELEASING = YES;
				CLANG_WARN_BOOL_CONVERSION = YES;
				CLANG_WARN_COMMA = YES;
				CLANG_WARN_CONSTANT_CONVERSION = YES;
				CLANG_WARN_DEPRECATED_OBJC_IMPLEMENTATIONS = YES;
				CLANG_WARN_DIRECT_OBJC_ISA_USAGE = YES_ERROR;
				CLANG_WARN_DOCUMENTATION_COMMENTS = YES;
				CLANG_WARN_EMPTY_BODY = YES;
				CLANG_WARN_ENUM_CONVERSION = YES;
				CLANG_WARN_INFINITE_RECURSION = YES;
				CLANG_WARN_INT_CONVERSION = YES;
				CLANG_WARN_NON_LITERAL_NULL_CONVERSION = YES;
				CLANG_WARN_OBJC_IMPLICIT_RETAIN_SELF = YES;
				CLANG_WARN_OBJC_LITERAL_CONVERSION = YES;
				CLANG_WARN_OBJC_ROOT_CLASS = YES_ERROR;
				CLANG_WARN_QUOTED_INCLUDE_IN_FRAMEWORK_HEADER = YES;
				CLANG_WARN_RANGE_LOOP_ANALYSIS = YES;
				CLANG_WARN_STRICT_PROTOTYPES = YES;
				CLANG_WARN_SUSPICIOUS_MOVE = YES;
				CLANG_WARN_UNGUARDED_AVAILABILITY = YES_AGGRESSIVE;
				CLANG_WARN_UNREACHABLE_CODE = YES;
				CLANG_WARN__DUPLICATE_METHOD_MATCH = YES;
				COPY_PHASE_STRIP = NO;
				DEBUG_INFORMATION_FORMAT = dwarf;
				ENABLE_STRICT_OBJC_MSGSEND = YES;
				ENABLE_TESTABILITY = YES;
				ENABLE_USER_SCRIPT_SANDBOXING = YES;
				GCC_C_LANGUAGE_STANDARD = gnu17;
				GCC_DYNAMIC_NO_PIC = NO;
				GCC_NO_COMMON_BLOCKS = YES;
				GCC_OPTIMIZATION_LEVEL = 0;
				GCC_PREPROCESSOR_DEFINITIONS = (
					"DEBUG=1",
					"$(inherited)",
				);
				GCC_WARN_64_TO_32_BIT_CONVERSION = YES;
				GCC_WARN_ABOUT_RETURN_TYPE = YES_ERROR;
				GCC_WARN_UNDECLARED_SELECTOR = YES;
				GCC_WARN_UNINITIALIZED_AUTOS = YES_AGGRESSIVE;
				GCC_WARN_UNUSED_FUNCTION = YES;
				GCC_WARN_UNUSED_VARIABLE = YES;
				IPHONEOS_DEPLOYMENT_TARGET = 17.0;
				LOCALIZATION_PREFERS_STRING_CATALOGS = YES;
				MTL_ENABLE_DEBUG_INFO = INCLUDE_SOURCE;
				MTL_FAST_MATH = YES;
				ONLY_ACTIVE_ARCH = YES;
				SDKROOT = iphoneos;
				SWIFT_ACTIVE_COMPILATION_CONDITIONS = "DEBUG $(inherited)";
				SWIFT_OPTIMIZATION_LEVEL = "-Onone";
			};
			name = Debug;
		};
		8EEEBCFD2AFA87B4004909C6 /* Release */ = {
			isa = XCBuildConfiguration;
			buildSettings = {
				ALWAYS_SEARCH_USER_PATHS = NO;
				ASSETCATALOG_COMPILER_GENERATE_SWIFT_ASSET_SYMBOL_EXTENSIONS = YES;
				CLANG_ANALYZER_NONNULL = YES;
				CLANG_ANALYZER_NUMBER_OBJECT_CONVERSION = YES_AGGRESSIVE;
				CLANG_CXX_LANGUAGE_STANDARD = "gnu++20";
				CLANG_ENABLE_MODULES = YES;
				CLANG_ENABLE_OBJC_ARC = YES;
				CLANG_ENABLE_OBJC_WEAK = YES;
				CLANG_WARN_BLOCK_CAPTURE_AUTORELEASING = YES;
				CLANG_WARN_BOOL_CONVERSION = YES;
				CLANG_WARN_COMMA = YES;
				CLANG_WARN_CONSTANT_CONVERSION = YES;
				CLANG_WARN_DEPRECATED_OBJC_IMPLEMENTATIONS = YES;
				CLANG_WARN_DIRECT_OBJC_ISA_USAGE = YES_ERROR;
				CLANG_WARN_DOCUMENTATION_COMMENTS = YES;
				CLANG_WARN_EMPTY_BODY = YES;
				CLANG_WARN_ENUM_CONVERSION = YES;
				CLANG_WARN_INFINITE_RECURSION = YES;
				CLANG_WARN_INT_CONVERSION = YES;
				CLANG_WARN_NON_LITERAL_NULL_CONVERSION = YES;
				CLANG_WARN_OBJC_IMPLICIT_RETAIN_SELF = YES;
				CLANG_WARN_OBJC_LITERAL_CONVERSION = YES;
				CLANG_WARN_OBJC_ROOT_CLASS = YES_ERROR;
				CLANG_WARN_QUOTED_INCLUDE_IN_FRAMEWORK_HEADER = YES;
				CLANG_WARN_RANGE_LOOP_ANALYSIS = YES;
				CLANG_WARN_STRICT_PROTOTYPES = YES;
				CLANG_WARN_SUSPICIOUS_MOVE = YES;
				CLANG_WARN_UNGUARDED_AVAILABILITY = YES_AGGRESSIVE;
				CLANG_WARN_UNREACHABLE_CODE = YES;
				CLANG_WARN__DUPLICATE_METHOD_MATCH = YES;
				COPY_PHASE_STRIP = NO;
				DEBUG_INFORMATION_FORMAT = "dwarf-with-dsym";
				ENABLE_NS_ASSERTIONS = NO;
				ENABLE_STRICT_OBJC_MSGSEND = YES;
				ENABLE_USER_SCRIPT_SANDBOXING = YES;
				GCC_C_LANGUAGE_STANDARD = gnu17;
				GCC_NO_COMMON_BLOCKS = YES;
				GCC_WARN_64_TO_32_BIT_CONVERSION = YES;
				GCC_WARN_ABOUT_RETURN_TYPE = YES_ERROR;
				GCC_WARN_UNDECLARED_SELECTOR = YES;
				GCC_WARN_UNINITIALIZED_AUTOS = YES_AGGRESSIVE;
				GCC_WARN_UNUSED_FUNCTION = YES;
				GCC_WARN_UNUSED_VARIABLE = YES;
				IPHONEOS_DEPLOYMENT_TARGET = 17.0;
				LOCALIZATION_PREFERS_STRING_CATALOGS = YES;
				MTL_ENABLE_DEBUG_INFO = NO;
				MTL_FAST_MATH = YES;
				SDKROOT = iphoneos;
				SWIFT_COMPILATION_MODE = wholemodule;
				VALIDATE_PRODUCT = YES;
			};
			name = Release;
		};
		8EEEBCFF2AFA87B4004909C6 /* Debug */ = {
			isa = XCBuildConfiguration;
			buildSettings = {
				ASSETCATALOG_COMPILER_APPICON_NAME = AppIcon;
				ASSETCATALOG_COMPILER_GLOBAL_ACCENT_COLOR_NAME = AccentColor;
				CODE_SIGN_STYLE = Automatic;
				CURRENT_PROJECT_VERSION = 1;
				DEVELOPMENT_ASSET_PATHS = "\"Cooktail/Preview Content\"";
				DEVELOPMENT_TEAM = G5XTFB6483;
				ENABLE_PREVIEWS = YES;
				GENERATE_INFOPLIST_FILE = YES;
				INFOPLIST_KEY_UIApplicationSceneManifest_Generation = YES;
				INFOPLIST_KEY_UIApplicationSupportsIndirectInputEvents = YES;
				INFOPLIST_KEY_UILaunchScreen_Generation = YES;
				INFOPLIST_KEY_UISupportedInterfaceOrientations_iPad = "UIInterfaceOrientationPortrait UIInterfaceOrientationPortraitUpsideDown UIInterfaceOrientationLandscapeLeft UIInterfaceOrientationLandscapeRight";
				INFOPLIST_KEY_UISupportedInterfaceOrientations_iPhone = "UIInterfaceOrientationPortrait UIInterfaceOrientationLandscapeLeft UIInterfaceOrientationLandscapeRight";
				LD_RUNPATH_SEARCH_PATHS = (
					"$(inherited)",
					"@executable_path/Frameworks",
				);
				MARKETING_VERSION = 1.0;
				PRODUCT_BUNDLE_IDENTIFIER = com.mspMMXX.Cooktail;
				PRODUCT_NAME = "$(TARGET_NAME)";
				SWIFT_EMIT_LOC_STRINGS = YES;
				SWIFT_VERSION = 5.0;
				TARGETED_DEVICE_FAMILY = "1,2";
			};
			name = Debug;
		};
		8EEEBD002AFA87B4004909C6 /* Release */ = {
			isa = XCBuildConfiguration;
			buildSettings = {
				ASSETCATALOG_COMPILER_APPICON_NAME = AppIcon;
				ASSETCATALOG_COMPILER_GLOBAL_ACCENT_COLOR_NAME = AccentColor;
				CODE_SIGN_STYLE = Automatic;
				CURRENT_PROJECT_VERSION = 1;
				DEVELOPMENT_ASSET_PATHS = "\"Cooktail/Preview Content\"";
				DEVELOPMENT_TEAM = G5XTFB6483;
				ENABLE_PREVIEWS = YES;
				GENERATE_INFOPLIST_FILE = YES;
				INFOPLIST_KEY_UIApplicationSceneManifest_Generation = YES;
				INFOPLIST_KEY_UIApplicationSupportsIndirectInputEvents = YES;
				INFOPLIST_KEY_UILaunchScreen_Generation = YES;
				INFOPLIST_KEY_UISupportedInterfaceOrientations_iPad = "UIInterfaceOrientationPortrait UIInterfaceOrientationPortraitUpsideDown UIInterfaceOrientationLandscapeLeft UIInterfaceOrientationLandscapeRight";
				INFOPLIST_KEY_UISupportedInterfaceOrientations_iPhone = "UIInterfaceOrientationPortrait UIInterfaceOrientationLandscapeLeft UIInterfaceOrientationLandscapeRight";
				LD_RUNPATH_SEARCH_PATHS = (
					"$(inherited)",
					"@executable_path/Frameworks",
				);
				MARKETING_VERSION = 1.0;
				PRODUCT_BUNDLE_IDENTIFIER = com.mspMMXX.Cooktail;
				PRODUCT_NAME = "$(TARGET_NAME)";
				SWIFT_EMIT_LOC_STRINGS = YES;
				SWIFT_VERSION = 5.0;
				TARGETED_DEVICE_FAMILY = "1,2";
			};
			name = Release;
		};
/* End XCBuildConfiguration section */

/* Begin XCConfigurationList section */
		8EEEBCEB2AFA87B3004909C6 /* Build configuration list for PBXProject "Cooktail" */ = {
			isa = XCConfigurationList;
			buildConfigurations = (
				8EEEBCFC2AFA87B4004909C6 /* Debug */,
				8EEEBCFD2AFA87B4004909C6 /* Release */,
			);
			defaultConfigurationIsVisible = 0;
			defaultConfigurationName = Release;
		};
		8EEEBCFE2AFA87B4004909C6 /* Build configuration list for PBXNativeTarget "Cooktail" */ = {
			isa = XCConfigurationList;
			buildConfigurations = (
				8EEEBCFF2AFA87B4004909C6 /* Debug */,
				8EEEBD002AFA87B4004909C6 /* Release */,
			);
			defaultConfigurationIsVisible = 0;
			defaultConfigurationName = Release;
		};
/* End XCConfigurationList section */
	};
	rootObject = 8EEEBCE82AFA87B3004909C6 /* Project object */;
}
